%{
  "nebulex": {:hex, :nebulex, "2.4.2", "b3d2d86d57b15896fb8e6d6dd49b4a9dee2eedd6eddfb3b69bfdb616a09c2817", [:mix], [{:decorator, "~> 1.4", [hex: :decorator, repo: "hexpm", optional: true]}, {:shards, "~> 1.0", [hex: :shards, repo: "hexpm", optional: true]}, {:telemetry, "~> 0.4 or ~> 1.0", [hex: :telemetry, repo: "hexpm", optional: true]}], "hexpm", "c9f888e5770fd47614c95990d0a02c3515216d51dc72e3c830eaf28f5649ba52"},
  "nebulex_redis_adapter": {:git, "https://github.com/cabol/nebulex_redis_adapter", "398c4949b54bb32126b2d61738af2a386a056f66", []},
  "nimble_options": {:hex, :nimble_options, "1.0.2", "92098a74df0072ff37d0c12ace58574d26880e522c22801437151a159392270e", [:mix], [], "hexpm", "fd12a8db2021036ce12a309f26f564ec367373265b53e25403f0ee697380f1b8"},
  "redix": {:hex, :redix, "1.2.2", "8cb86693242627e01419fe9a2babed5c54fa5ef4c93e2ee33135e614e54d8227", [:mix], [{:castore, "~> 0.1.0 or ~> 1.0", [hex: :castore, repo: "hexpm", optional: true]}, {:nimble_options, "~> 0.5.0 or ~> 1.0", [hex: :nimble_options, repo: "hexpm", optional: false]}, {:telemetry, "~> 0.4.0 or ~> 1.0", [hex: :telemetry, repo: "hexpm", optional: false]}], "hexpm", "8662a075e2db2f9b6c81efea1603f72b9e7424de1d30ad8942acc0b458412d3f"},
  "telemetry": {:hex, :telemetry, "1.2.1", "68fdfe8d8f05a8428483a97d7aab2f268aaff24b49e0f599faa091f1d4e7f61c", [:rebar3], [], "hexpm", "dad9ce9d8effc621708f99eac538ef1cbe05d6a874dd741de2e689c47feafed5"},
}
